
Microsoft Visual Studio Solution File, Format Version 12.00
# Visual Studio 15
VisualStudioVersion = 15.0.28307.438
MinimumVisualStudioVersion = 10.0.40219.1
Project("{2150E333-8FDC-42A3-9474-1A3956D46DE8}") = "Data", "Data", "{2CD4656E-0FDD-4355-BB00-32B924D696E7}"
EndProject
Project("{2150E333-8FDC-42A3-9474-1A3956D46DE8}") = "Service", "Service", "{94B4F387-BE4E-46AE-B4CA-65C300018E10}"
EndProject
Project("{2150E333-8FDC-42A3-9474-1A3956D46DE8}") = "Web", "Web", "{3EEFC996-C6DC-4190-B5DB-9F50E555765C}"
EndProject
Project("{2150E333-8FDC-42A3-9474-1A3956D46DE8}") = "Infrastructure", "Infrastructure", "{4414ECD9-A302-41F0-B8F9-2130A5C526B4}"
EndProject
Project("{FAE04EC0-301F-11D3-BF4B-00C04F79EFBC}") = "VEducation.Data.EntityFramework", "Data\VEducation.Data.EntityFramework\VEducation.Data.EntityFramework.csproj", "{F6FE89A5-7007-4B4E-B236-50C20AF6701B}"
EndProject
Project("{2150E333-8FDC-42A3-9474-1A3956D46DE8}") = "Models", "Models", "{F48F959F-98EB-484C-80BE-B5B07C630D34}"
EndProject
Project("{2150E333-8FDC-42A3-9474-1A3956D46DE8}") = "ViewModels", "ViewModels", "{B5BC5B9A-D1EA-4995-A5B0-6334AEEC7F6A}"
EndProject
Project("{FAE04EC0-301F-11D3-BF4B-00C04F79EFBC}") = "VEducation.Data.NHibernate", "Data\VEducation.Data.NHibernate\VEducation.Data.NHibernate.csproj", "{AD5E4D8E-0A38-433E-A9A3-6BEA0FA90EEF}"
EndProject
Project("{FAE04EC0-301F-11D3-BF4B-00C04F79EFBC}") = "VEducation.Data.StoredProcedure", "Data\VEducation.Data.StoredProcedure\VEducation.Data.StoredProcedure.csproj", "{7DC74283-42A9-4C38-B92A-642279A81CDF}"
EndProject
Project("{FAE04EC0-301F-11D3-BF4B-00C04F79EFBC}") = "VEducation.Data.Dapper", "Data\VEducation.Data.Dapper\VEducation.Data.Dapper.csproj", "{C1230E17-D332-49F3-B647-6A68BF8DC3B6}"
EndProject
Project("{FAE04EC0-301F-11D3-BF4B-00C04F79EFBC}") = "VEducation.Data.ViewModels", "Data\ViewModels\VEducation.Data.ViewModels\VEducation.Data.ViewModels.csproj", "{C5237B53-4604-40E4-A5C7-E48DA3AF7CA2}"
EndProject
Project("{FAE04EC0-301F-11D3-BF4B-00C04F79EFBC}") = "VEducation.Data.Model", "Data\Models\VEducation.Data.Model\VEducation.Data.Model.csproj", "{0D9E8774-0737-454C-A2CA-DCC252EBCB3D}"
EndProject
Project("{FAE04EC0-301F-11D3-BF4B-00C04F79EFBC}") = "VEducation.Service.Company", "Service\VEducation.Service.Company\VEducation.Service.Company.csproj", "{DAC7C880-61B3-46EF-A66B-D6A837057EE7}"
EndProject
Project("{FAE04EC0-301F-11D3-BF4B-00C04F79EFBC}") = "VEducation.Web", "Web\VEducation.Web\VEducation.Web.csproj", "{7343A443-D2BD-45E7-89D3-23B524BD4426}"
EndProject
Project("{FAE04EC0-301F-11D3-BF4B-00C04F79EFBC}") = "VEducation.Service", "Service\VEducation.Service\VEducation.Service.csproj", "{BA0EA5EC-75F3-4C75-B3DF-D185BA9B52F8}"
EndProject
Project("{FAE04EC0-301F-11D3-BF4B-00C04F79EFBC}") = "VEducation.Infrastructure.Core", "Infrastructure\VEducation.Infrastructure.Core\VEducation.Infrastructure.Core.csproj", "{97881C9B-D37B-4F85-B18E-C91AEE7042E3}"
EndProject
Project("{2150E333-8FDC-42A3-9474-1A3956D46DE8}") = "Common", "Common", "{A0E5C48E-2798-4271-AB97-13615122996E}"
EndProject
Project("{FAE04EC0-301F-11D3-BF4B-00C04F79EFBC}") = "VEducation.Web.Common", "Web\Common\VEducation.Web.Common\VEducation.Web.Common.csproj", "{75C83E4A-6FFC-4577-B6D4-C366E8A3DF4D}"
EndProject
Project("{FAE04EC0-301F-11D3-BF4B-00C04F79EFBC}") = "VEducation.Service.Blog", "Service\VEducation.Service.Blog\VEducation.Service.Blog.csproj", "{9000A74A-8EDC-40B2-86C4-B0D11854FD1B}"
EndProject
Project("{FAE04EC0-301F-11D3-BF4B-00C04F79EFBC}") = "VEducation.Service.Courses", "Service\VEducation.Service.Courses\VEducation.Service.Courses.csproj", "{2C6FC4B5-C626-443D-B66A-61B7325F189F}"
EndProject
Project("{FAE04EC0-301F-11D3-BF4B-00C04F79EFBC}") = "VEducationWebApi", "Web\VEducationWebApi\VEducationWebApi.csproj", "{413FDC47-9200-4AC7-AE01-6D58648FDAD9}"
EndProject
Project("{FAE04EC0-301F-11D3-BF4B-00C04F79EFBC}") = "VBlog.Web", "..\..\..\..\Desktop\VBlog.Web\VBlog.Web.csproj", "{B222931A-2880-444D-BFAE-37CC32EC781C}"
EndProject
Global
	GlobalSection(SolutionConfigurationPlatforms) = preSolution
		Debug|Any CPU = Debug|Any CPU
		Release|Any CPU = Release|Any CPU
	EndGlobalSection
	GlobalSection(ProjectConfigurationPlatforms) = postSolution
		{F6FE89A5-7007-4B4E-B236-50C20AF6701B}.Debug|Any CPU.ActiveCfg = Debug|Any CPU
		{F6FE89A5-7007-4B4E-B236-50C20AF6701B}.Debug|Any CPU.Build.0 = Debug|Any CPU
		{F6FE89A5-7007-4B4E-B236-50C20AF6701B}.Release|Any CPU.ActiveCfg = Release|Any CPU
		{F6FE89A5-7007-4B4E-B236-50C20AF6701B}.Release|Any CPU.Build.0 = Release|Any CPU
		{AD5E4D8E-0A38-433E-A9A3-6BEA0FA90EEF}.Debug|Any CPU.ActiveCfg = Debug|Any CPU
		{AD5E4D8E-0A38-433E-A9A3-6BEA0FA90EEF}.Debug|Any CPU.Build.0 = Debug|Any CPU
		{AD5E4D8E-0A38-433E-A9A3-6BEA0FA90EEF}.Release|Any CPU.ActiveCfg = Release|Any CPU
		{AD5E4D8E-0A38-433E-A9A3-6BEA0FA90EEF}.Release|Any CPU.Build.0 = Release|Any CPU
		{7DC74283-42A9-4C38-B92A-642279A81CDF}.Debug|Any CPU.ActiveCfg = Debug|Any CPU
		{7DC74283-42A9-4C38-B92A-642279A81CDF}.Debug|Any CPU.Build.0 = Debug|Any CPU
		{7DC74283-42A9-4C38-B92A-642279A81CDF}.Release|Any CPU.ActiveCfg = Release|Any CPU
		{7DC74283-42A9-4C38-B92A-642279A81CDF}.Release|Any CPU.Build.0 = Release|Any CPU
		{C1230E17-D332-49F3-B647-6A68BF8DC3B6}.Debug|Any CPU.ActiveCfg = Debug|Any CPU
		{C1230E17-D332-49F3-B647-6A68BF8DC3B6}.Debug|Any CPU.Build.0 = Debug|Any CPU
		{C1230E17-D332-49F3-B647-6A68BF8DC3B6}.Release|Any CPU.ActiveCfg = Release|Any CPU
		{C1230E17-D332-49F3-B647-6A68BF8DC3B6}.Release|Any CPU.Build.0 = Release|Any CPU
		{C5237B53-4604-40E4-A5C7-E48DA3AF7CA2}.Debug|Any CPU.ActiveCfg = Debug|Any CPU
		{C5237B53-4604-40E4-A5C7-E48DA3AF7CA2}.Debug|Any CPU.Build.0 = Debug|Any CPU
		{C5237B53-4604-40E4-A5C7-E48DA3AF7CA2}.Release|Any CPU.ActiveCfg = Release|Any CPU
		{C5237B53-4604-40E4-A5C7-E48DA3AF7CA2}.Release|Any CPU.Build.0 = Release|Any CPU
		{0D9E8774-0737-454C-A2CA-DCC252EBCB3D}.Debug|Any CPU.ActiveCfg = Debug|Any CPU
		{0D9E8774-0737-454C-A2CA-DCC252EBCB3D}.Debug|Any CPU.Build.0 = Debug|Any CPU
		{0D9E8774-0737-454C-A2CA-DCC252EBCB3D}.Release|Any CPU.ActiveCfg = Release|Any CPU
		{0D9E8774-0737-454C-A2CA-DCC252EBCB3D}.Release|Any CPU.Build.0 = Release|Any CPU
		{DAC7C880-61B3-46EF-A66B-D6A837057EE7}.Debug|Any CPU.ActiveCfg = Debug|Any CPU
		{DAC7C880-61B3-46EF-A66B-D6A837057EE7}.Debug|Any CPU.Build.0 = Debug|Any CPU
		{DAC7C880-61B3-46EF-A66B-D6A837057EE7}.Release|Any CPU.ActiveCfg = Release|Any CPU
		{DAC7C880-61B3-46EF-A66B-D6A837057EE7}.Release|Any CPU.Build.0 = Release|Any CPU
		{7343A443-D2BD-45E7-89D3-23B524BD4426}.Debug|Any CPU.ActiveCfg = Debug|Any CPU
		{7343A443-D2BD-45E7-89D3-23B524BD4426}.Debug|Any CPU.Build.0 = Debug|Any CPU
		{7343A443-D2BD-45E7-89D3-23B524BD4426}.Release|Any CPU.ActiveCfg = Release|Any CPU
		{7343A443-D2BD-45E7-89D3-23B524BD4426}.Release|Any CPU.Build.0 = Release|Any CPU
		{BA0EA5EC-75F3-4C75-B3DF-D185BA9B52F8}.Debug|Any CPU.ActiveCfg = Debug|Any CPU
		{BA0EA5EC-75F3-4C75-B3DF-D185BA9B52F8}.Debug|Any CPU.Build.0 = Debug|Any CPU
		{BA0EA5EC-75F3-4C75-B3DF-D185BA9B52F8}.Release|Any CPU.ActiveCfg = Release|Any CPU
		{BA0EA5EC-75F3-4C75-B3DF-D185BA9B52F8}.Release|Any CPU.Build.0 = Release|Any CPU
		{97881C9B-D37B-4F85-B18E-C91AEE7042E3}.Debug|Any CPU.ActiveCfg = Debug|Any CPU
		{97881C9B-D37B-4F85-B18E-C91AEE7042E3}.Debug|Any CPU.Build.0 = Debug|Any CPU
		{97881C9B-D37B-4F85-B18E-C91AEE7042E3}.Release|Any CPU.ActiveCfg = Release|Any CPU
		{97881C9B-D37B-4F85-B18E-C91AEE7042E3}.Release|Any CPU.Build.0 = Release|Any CPU
		{75C83E4A-6FFC-4577-B6D4-C366E8A3DF4D}.Debug|Any CPU.ActiveCfg = Debug|Any CPU
		{75C83E4A-6FFC-4577-B6D4-C366E8A3DF4D}.Debug|Any CPU.Build.0 = Debug|Any CPU
		{75C83E4A-6FFC-4577-B6D4-C366E8A3DF4D}.Release|Any CPU.ActiveCfg = Release|Any CPU
		{75C83E4A-6FFC-4577-B6D4-C366E8A3DF4D}.Release|Any CPU.Build.0 = Release|Any CPU
		{9000A74A-8EDC-40B2-86C4-B0D11854FD1B}.Debug|Any CPU.ActiveCfg = Debug|Any CPU
		{9000A74A-8EDC-40B2-86C4-B0D11854FD1B}.Debug|Any CPU.Build.0 = Debug|Any CPU
		{9000A74A-8EDC-40B2-86C4-B0D11854FD1B}.Release|Any CPU.ActiveCfg = Release|Any CPU
		{9000A74A-8EDC-40B2-86C4-B0D11854FD1B}.Release|Any CPU.Build.0 = Release|Any CPU
		{2C6FC4B5-C626-443D-B66A-61B7325F189F}.Debug|Any CPU.ActiveCfg = Debug|Any CPU
		{2C6FC4B5-C626-443D-B66A-61B7325F189F}.Debug|Any CPU.Build.0 = Debug|Any CPU
		{2C6FC4B5-C626-443D-B66A-61B7325F189F}.Release|Any CPU.ActiveCfg = Release|Any CPU
		{2C6FC4B5-C626-443D-B66A-61B7325F189F}.Release|Any CPU.Build.0 = Release|Any CPU
		{413FDC47-9200-4AC7-AE01-6D58648FDAD9}.Debug|Any CPU.ActiveCfg = Debug|Any CPU
		{413FDC47-9200-4AC7-AE01-6D58648FDAD9}.Debug|Any CPU.Build.0 = Debug|Any CPU
		{413FDC47-9200-4AC7-AE01-6D58648FDAD9}.Release|Any CPU.ActiveCfg = Release|Any CPU
		{413FDC47-9200-4AC7-AE01-6D58648FDAD9}.Release|Any CPU.Build.0 = Release|Any CPU
		{B222931A-2880-444D-BFAE-37CC32EC781C}.Debug|Any CPU.ActiveCfg = Debug|Any CPU
		{B222931A-2880-444D-BFAE-37CC32EC781C}.Debug|Any CPU.Build.0 = Debug|Any CPU
		{B222931A-2880-444D-BFAE-37CC32EC781C}.Release|Any CPU.ActiveCfg = Release|Any CPU
		{B222931A-2880-444D-BFAE-37CC32EC781C}.Release|Any CPU.Build.0 = Release|Any CPU
	EndGlobalSection
	GlobalSection(SolutionProperties) = preSolution
		HideSolutionNode = FALSE
	EndGlobalSection
	GlobalSection(NestedProjects) = preSolution
		{F6FE89A5-7007-4B4E-B236-50C20AF6701B} = {2CD4656E-0FDD-4355-BB00-32B924D696E7}
		{F48F959F-98EB-484C-80BE-B5B07C630D34} = {2CD4656E-0FDD-4355-BB00-32B924D696E7}
		{B5BC5B9A-D1EA-4995-A5B0-6334AEEC7F6A} = {2CD4656E-0FDD-4355-BB00-32B924D696E7}
		{AD5E4D8E-0A38-433E-A9A3-6BEA0FA90EEF} = {2CD4656E-0FDD-4355-BB00-32B924D696E7}
		{7DC74283-42A9-4C38-B92A-642279A81CDF} = {2CD4656E-0FDD-4355-BB00-32B924D696E7}
		{C1230E17-D332-49F3-B647-6A68BF8DC3B6} = {2CD4656E-0FDD-4355-BB00-32B924D696E7}
		{C5237B53-4604-40E4-A5C7-E48DA3AF7CA2} = {B5BC5B9A-D1EA-4995-A5B0-6334AEEC7F6A}
		{0D9E8774-0737-454C-A2CA-DCC252EBCB3D} = {F48F959F-98EB-484C-80BE-B5B07C630D34}
		{DAC7C880-61B3-46EF-A66B-D6A837057EE7} = {94B4F387-BE4E-46AE-B4CA-65C300018E10}
		{7343A443-D2BD-45E7-89D3-23B524BD4426} = {3EEFC996-C6DC-4190-B5DB-9F50E555765C}
		{BA0EA5EC-75F3-4C75-B3DF-D185BA9B52F8} = {94B4F387-BE4E-46AE-B4CA-65C300018E10}
		{97881C9B-D37B-4F85-B18E-C91AEE7042E3} = {4414ECD9-A302-41F0-B8F9-2130A5C526B4}
		{A0E5C48E-2798-4271-AB97-13615122996E} = {3EEFC996-C6DC-4190-B5DB-9F50E555765C}
		{75C83E4A-6FFC-4577-B6D4-C366E8A3DF4D} = {A0E5C48E-2798-4271-AB97-13615122996E}
		{9000A74A-8EDC-40B2-86C4-B0D11854FD1B} = {94B4F387-BE4E-46AE-B4CA-65C300018E10}
		{2C6FC4B5-C626-443D-B66A-61B7325F189F} = {94B4F387-BE4E-46AE-B4CA-65C300018E10}
		{413FDC47-9200-4AC7-AE01-6D58648FDAD9} = {3EEFC996-C6DC-4190-B5DB-9F50E555765C}
	EndGlobalSection
	GlobalSection(ExtensibilityGlobals) = postSolution
		SolutionGuid = {5849E9E2-291A-4989-81E4-21F329C7F61C}
	EndGlobalSection
EndGlobal
